// !$*UTF8*$!
{
	archiveVersion = 1;
	classes = {
	};
	objectVersion = 50;
	objects = {

/* Begin PBXBuildFile section */
		059AC06621A630A2009DE692 /* Tuple.c in Sources */ = {isa = PBXBuildFile; fileRef = 059AC05D21A630A0009DE692 /* Tuple.c */; };
		059AC06721A630A2009DE692 /* LinkedList.c in Sources */ = {isa = PBXBuildFile; fileRef = 059AC05F21A630A1009DE692 /* LinkedList.c */; };
		059AC06821A630A2009DE692 /* BST Tree.c in Sources */ = {isa = PBXBuildFile; fileRef = 059AC06021A630A1009DE692 /* BST Tree.c */; };
		059AC06921A630A2009DE692 /* ArrayList.c in Sources */ = {isa = PBXBuildFile; fileRef = 059AC06221A630A1009DE692 /* ArrayList.c */; };
		059AC06A21A630A2009DE692 /* Relation.c in Sources */ = {isa = PBXBuildFile; fileRef = 059AC06321A630A2009DE692 /* Relation.c */; };
		059AC06C21A643CA009DE692 /* main.c in Sources */ = {isa = PBXBuildFile; fileRef = 059AC06B21A643C9009DE692 /* main.c */; };
		D61F874E21A9CBDF00332376 /* Database.c in Sources */ = {isa = PBXBuildFile; fileRef = D61F874D21A9CBDF00332376 /* Database.c */; };
/* End PBXBuildFile section */

/* Begin PBXCopyFilesBuildPhase section */
		059AC04E21A62F0B009DE692 /* CopyFiles */ = {
			isa = PBXCopyFilesBuildPhase;
			buildActionMask = 2147483647;
			dstPath = /usr/share/man/man1/;
			dstSubfolderSpec = 0;
			files = (
			);
			runOnlyForDeploymentPostprocessing = 1;
		};
/* End PBXCopyFilesBuildPhase section */

/* Begin PBXFileReference section */
		059AC05021A62F0B009DE692 /* CSC173PJT4 */ = {isa = PBXFileReference; explicitFileType = "compiled.mach-o.executable"; includeInIndex = 0; path = CSC173PJT4; sourceTree = BUILT_PRODUCTS_DIR; };
		059AC05A21A630A0009DE692 /* Relation.h */ = {isa = PBXFileReference; fileEncoding = 4; lastKnownFileType = sourcecode.c.h; path = Relation.h; sourceTree = "<group>"; };
		059AC05B21A630A0009DE692 /* LinkedList.h */ = {isa = PBXFileReference; fileEncoding = 4; lastKnownFileType = sourcecode.c.h; path = LinkedList.h; sourceTree = "<group>"; };
		059AC05D21A630A0009DE692 /* Tuple.c */ = {isa = PBXFileReference; fileEncoding = 4; lastKnownFileType = sourcecode.c.c; path = Tuple.c; sourceTree = "<group>"; };
		059AC05E21A630A1009DE692 /* Tuple.h */ = {isa = PBXFileReference; fileEncoding = 4; lastKnownFileType = sourcecode.c.h; path = Tuple.h; sourceTree = "<group>"; };
		059AC05F21A630A1009DE692 /* LinkedList.c */ = {isa = PBXFileReference; fileEncoding = 4; lastKnownFileType = sourcecode.c.c; path = LinkedList.c; sourceTree = "<group>"; };
		059AC06021A630A1009DE692 /* BST Tree.c */ = {isa = PBXFileReference; fileEncoding = 4; lastKnownFileType = sourcecode.c.c; path = "BST Tree.c"; sourceTree = "<group>"; };
		059AC06121A630A1009DE692 /* BST Tree.h */ = {isa = PBXFileReference; fileEncoding = 4; lastKnownFileType = sourcecode.c.h; path = "BST Tree.h"; sourceTree = "<group>"; };
		059AC06221A630A1009DE692 /* ArrayList.c */ = {isa = PBXFileReference; fileEncoding = 4; lastKnownFileType = sourcecode.c.c; path = ArrayList.c; sourceTree = "<group>"; };
		059AC06321A630A2009DE692 /* Relation.c */ = {isa = PBXFileReference; fileEncoding = 4; lastKnownFileType = sourcecode.c.c; path = Relation.c; sourceTree = "<group>"; };
		059AC06421A630A2009DE692 /* ArrayList.h */ = {isa = PBXFileReference; fileEncoding = 4; lastKnownFileType = sourcecode.c.h; path = ArrayList.h; sourceTree = "<group>"; };
		059AC06B21A643C9009DE692 /* main.c */ = {isa = PBXFileReference; fileEncoding = 4; lastKnownFileType = sourcecode.c.c; path = main.c; sourceTree = "<group>"; };
		D61F874D21A9CBDF00332376 /* Database.c */ = {isa = PBXFileReference; fileEncoding = 4; lastKnownFileType = sourcecode.c.c; path = Database.c; sourceTree = "<group>"; };
		D61F874F21A9CBFA00332376 /* Database.h */ = {isa = PBXFileReference; lastKnownFileType = sourcecode.c.h; path = Database.h; sourceTree = "<group>"; };
/* End PBXFileReference section */

/* Begin PBXFrameworksBuildPhase section */
		059AC04D21A62F0B009DE692 /* Frameworks */ = {
			isa = PBXFrameworksBuildPhase;
			buildActionMask = 2147483647;
			files = (
			);
			runOnlyForDeploymentPostprocessing = 0;
		};
/* End PBXFrameworksBuildPhase section */

/* Begin PBXGroup section */
		059AC04721A62F0B009DE692 = {
			isa = PBXGroup;
			children = (
				059AC05221A62F0B009DE692 /* CSC173PJT4 */,
				059AC05121A62F0B009DE692 /* Products */,
			);
			sourceTree = "<group>";
		};
		059AC05121A62F0B009DE692 /* Products */ = {
			isa = PBXGroup;
			children = (
				059AC05021A62F0B009DE692 /* CSC173PJT4 */,
			);
			name = Products;
			sourceTree = "<group>";
		};
		059AC05221A62F0B009DE692 /* CSC173PJT4 */ = {
			isa = PBXGroup;
			children = (
				059AC06221A630A1009DE692 /* ArrayList.c */,
				059AC06421A630A2009DE692 /* ArrayList.h */,
				059AC06021A630A1009DE692 /* BST Tree.c */,
				059AC06121A630A1009DE692 /* BST Tree.h */,
				059AC05F21A630A1009DE692 /* LinkedList.c */,
				059AC05B21A630A0009DE692 /* LinkedList.h */,
				059AC06B21A643C9009DE692 /* main.c */,
				059AC06321A630A2009DE692 /* Relation.c */,
				059AC05A21A630A0009DE692 /* Relation.h */,
				D61F874D21A9CBDF00332376 /* Database.c */,
				D61F874F21A9CBFA00332376 /* Database.h */,
				059AC05D21A630A0009DE692 /* Tuple.c */,
				059AC05E21A630A1009DE692 /* Tuple.h */,
			);
			path = CSC173PJT4;
			sourceTree = "<group>";
		};
/* End PBXGroup section */

/* Begin PBXNativeTarget section */
		059AC04F21A62F0B009DE692 /* CSC173PJT4 */ = {
			isa = PBXNativeTarget;
			buildConfigurationList = 059AC05721A62F0B009DE692 /* Build configuration list for PBXNativeTarget "CSC173PJT4" */;
			buildPhases = (
				059AC04C21A62F0B009DE692 /* Sources */,
				059AC04D21A62F0B009DE692 /* Frameworks */,
				059AC04E21A62F0B009DE692 /* CopyFiles */,
			);
			buildRules = (
			);
			dependencies = (
			);
			name = CSC173PJT4;
			productName = CSC173PJT4;
			productReference = 059AC05021A62F0B009DE692 /* CSC173PJT4 */;
			productType = "com.apple.product-type.tool";
		};
/* End PBXNativeTarget section */

/* Begin PBXProject section */
		059AC04821A62F0B009DE692 /* Project object */ = {
			isa = PBXProject;
			attributes = {
				LastUpgradeCheck = 0940;
				ORGANIZATIONNAME = "Junkang Gu";
				TargetAttributes = {
					059AC04F21A62F0B009DE692 = {
						CreatedOnToolsVersion = 9.4.1;
					};
				};
			};
			buildConfigurationList = 059AC04B21A62F0B009DE692 /* Build configuration list for PBXProject "CSC173PJT4" */;
			compatibilityVersion = "Xcode 9.3";
			developmentRegion = en;
			hasScannedForEncodings = 0;
			knownRegions = (
				en,
			);
			mainGroup = 059AC04721A62F0B009DE692;
			productRefGroup = 059AC05121A62F0B009DE692 /* Products */;
			projectDirPath = "";
			projectRoot = "";
			targets = (
				059AC04F21A62F0B009DE692 /* CSC173PJT4 */,
			);
		};
/* End PBXProject section */

/* Begin PBXSourcesBuildPhase section */
		059AC04C21A62F0B009DE692 /* Sources */ = {
			isa = PBXSourcesBuildPhase;
			buildActionMask = 2147483647;
			files = (
				D61F874E21A9CBDF00332376 /* Database.c in Sources */,
				059AC06A21A630A2009DE692 /* Relation.c in Sources */,
				059AC06721A630A2009DE692 /* LinkedList.c in Sources */,
				059AC06621A630A2009DE692 /* Tuple.c in Sources */,
				059AC06921A630A2009DE692 /* ArrayList.c in Sources */,
				059AC06821A630A2009DE692 /* BST Tree.c in Sources */,
				059AC06C21A643CA009DE692 /* main.c in Sources */,
			);
			runOnlyForDeploymentPostprocessing = 0;
		};
/* End PBXSourcesBuildPhase section */

/* Begin XCBuildConfiguration section */
		059AC05521A62F0B009DE692 /* Debug */ = {
			isa = XCBuildConfiguration;
			buildSettings = {
				ALWAYS_SEARCH_USER_PATHS = NO;
				CLANG_ANALYZER_NONNULL = YES;
				CLANG_ANALYZER_NUMBER_OBJECT_CONVERSION = YES_AGGRESSIVE;
				CLANG_CXX_LANGUAGE_STANDARD = "gnu++14";
				CLANG_CXX_LIBRARY = "libc++";
				CLANG_ENABLE_MODULES = YES;
				CLANG_ENABLE_OBJC_ARC = YES;
				CLANG_ENABLE_OBJC_WEAK = YES;
				CLANG_WARN_BLOCK_CAPTURE_AUTORELEASING = YES;
				CLANG_WARN_BOOL_CONVERSION = YES;
				CLANG_WARN_COMMA = YES;
				CLANG_WARN_CONSTANT_CONVERSION = YES;
				CLANG_WARN_DEPRECATED_OBJC_IMPLEMENTATIONS = YES;
				CLANG_WARN_DIRECT_OBJC_ISA_USAGE = YES_ERROR;
				CLANG_WARN_DOCUMENTATION_COMMENTS = YES;
				CLANG_WARN_EMPTY_BODY = YES;
				CLANG_WARN_ENUM_CONVERSION = YES;
				CLANG_WARN_INFINITE_RECURSION = YES;
				CLANG_WARN_INT_CONVERSION = YES;
				CLANG_WARN_NON_LITERAL_NULL_CONVERSION = YES;
				CLANG_WARN_OBJC_IMPLICIT_RETAIN_SELF = YES;
				CLANG_WARN_OBJC_LITERAL_CONVERSION = YES;
				CLANG_WARN_OBJC_ROOT_CLASS = YES_ERROR;
				CLANG_WARN_RANGE_LOOP_ANALYSIS = YES;
				CLANG_WARN_STRICT_PROTOTYPES = YES;
				CLANG_WARN_SUSPICIOUS_MOVE = YES;
				CLANG_WARN_UNGUARDED_AVAILABILITY = YES_AGGRESSIVE;
				CLANG_WARN_UNREACHABLE_CODE = YES;
				CLANG_WARN__DUPLICATE_METHOD_MATCH = YES;
				CODE_SIGN_IDENTITY = "-";
				COPY_PHASE_STRIP = NO;
				DEBUG_INFORMATION_FORMAT = dwarf;
				ENABLE_STRICT_OBJC_MSGSEND = YES;
				ENABLE_TESTABILITY = YES;
				GCC_C_LANGUAGE_STANDARD = c99;
				GCC_DYNAMIC_NO_PIC = NO;
				GCC_NO_COMMON_BLOCKS = YES;
				GCC_OPTIMIZATION_LEVEL = 0;
				GCC_PREPROCESSOR_DEFINITIONS = (
					"DEBUG=1",
					"$(inherited)",
				);
				GCC_TREAT_IMPLICIT_FUNCTION_DECLARATIONS_AS_ERRORS = YES;
				GCC_TREAT_INCOMPATIBLE_POINTER_TYPE_WARNINGS_AS_ERRORS = YES;
				GCC_TREAT_WARNINGS_AS_ERRORS = YES;
				GCC_WARN_64_TO_32_BIT_CONVERSION = YES;
				GCC_WARN_ABOUT_MISSING_PROTOTYPES = YES;
				GCC_WARN_ABOUT_RETURN_TYPE = YES_ERROR;
				GCC_WARN_PEDANTIC = YES;
				GCC_WARN_UNDECLARED_SELECTOR = YES;
				GCC_WARN_UNINITIALIZED_AUTOS = YES_AGGRESSIVE;
				GCC_WARN_UNUSED_FUNCTION = YES;
				GCC_WARN_UNUSED_VARIABLE = YES;
				MACOSX_DEPLOYMENT_TARGET = 10.13;
				MTL_ENABLE_DEBUG_INFO = YES;
				ONLY_ACTIVE_ARCH = YES;
				SDKROOT = macosx;
			};
			name = Debug;
		};
		059AC05621A62F0B009DE692 /* Release */ = {
			isa = XCBuildConfiguration;
			buildSettings = {
				ALWAYS_SEARCH_USER_PATHS = NO;
				CLANG_ANALYZER_NONNULL = YES;
				CLANG_ANALYZER_NUMBER_OBJECT_CONVERSION = YES_AGGRESSIVE;
				CLANG_CXX_LANGUAGE_STANDARD = "gnu++14";
				CLANG_CXX_LIBRARY = "libc++";
				CLANG_ENABLE_MODULES = YES;
				CLANG_ENABLE_OBJC_ARC = YES;
				CLANG_ENABLE_OBJC_WEAK = YES;
				CLANG_WARN_BLOCK_CAPTURE_AUTORELEASING = YES;
				CLANG_WARN_BOOL_CONVERSION = YES;
				CLANG_WARN_COMMA = YES;
				CLANG_WARN_CONSTANT_CONVERSION = YES;
				CLANG_WARN_DEPRECATED_OBJC_IMPLEMENTATIONS = YES;
				CLANG_WARN_DIRECT_OBJC_ISA_USAGE = YES_ERROR;
				CLANG_WARN_DOCUMENTATION_COMMENTS = YES;
				CLANG_WARN_EMPTY_BODY = YES;
				CLANG_WARN_ENUM_CONVERSION = YES;
				CLANG_WARN_INFINITE_RECURSION = YES;
				CLANG_WARN_INT_CONVERSION = YES;
				CLANG_WARN_NON_LITERAL_NULL_CONVERSION = YES;
				CLANG_WARN_OBJC_IMPLICIT_RETAIN_SELF = YES;
				CLANG_WARN_OBJC_LITERAL_CONVERSION = YES;
				CLANG_WARN_OBJC_ROOT_CLASS = YES_ERROR;
				CLANG_WARN_RANGE_LOOP_ANALYSIS = YES;
				CLANG_WARN_STRICT_PROTOTYPES = YES;
				CLANG_WARN_SUSPICIOUS_MOVE = YES;
				CLANG_WARN_UNGUARDED_AVAILABILITY = YES_AGGRESSIVE;
				CLANG_WARN_UNREACHABLE_CODE = YES;
				CLANG_WARN__DUPLICATE_METHOD_MATCH = YES;
				CODE_SIGN_IDENTITY = "-";
				COPY_PHASE_STRIP = NO;
				DEBUG_INFORMATION_FORMAT = "dwarf-with-dsym";
				ENABLE_NS_ASSERTIONS = NO;
				ENABLE_STRICT_OBJC_MSGSEND = YES;
				GCC_C_LANGUAGE_STANDARD = c99;
				GCC_NO_COMMON_BLOCKS = YES;
				GCC_TREAT_IMPLICIT_FUNCTION_DECLARATIONS_AS_ERRORS = YES;
				GCC_TREAT_INCOMPATIBLE_POINTER_TYPE_WARNINGS_AS_ERRORS = YES;
				GCC_TREAT_WARNINGS_AS_ERRORS = YES;
				GCC_WARN_64_TO_32_BIT_CONVERSION = YES;
				GCC_WARN_ABOUT_MISSING_PROTOTYPES = YES;
				GCC_WARN_ABOUT_RETURN_TYPE = YES_ERROR;
				GCC_WARN_PEDANTIC = YES;
				GCC_WARN_UNDECLARED_SELECTOR = YES;
				GCC_WARN_UNINITIALIZED_AUTOS = YES_AGGRESSIVE;
				GCC_WARN_UNUSED_FUNCTION = YES;
				GCC_WARN_UNUSED_VARIABLE = YES;
				MACOSX_DEPLOYMENT_TARGET = 10.13;
				MTL_ENABLE_DEBUG_INFO = NO;
				SDKROOT = macosx;
			};
			name = Release;
		};
		059AC05821A62F0B009DE692 /* Debug */ = {
			isa = XCBuildConfiguration;
			buildSettings = {
				CODE_SIGN_STYLE = Automatic;
				GCC_WARN_UNUSED_VARIABLE = NO;
				PRODUCT_NAME = "$(TARGET_NAME)";
			};
			name = Debug;
		};
		059AC05921A62F0B009DE692 /* Release */ = {
			isa = XCBuildConfiguration;
			buildSettings = {
				CODE_SIGN_STYLE = Automatic;
				GCC_WARN_UNUSED_VARIABLE = NO;
				PRODUCT_NAME = "$(TARGET_NAME)";
			};
			name = Release;
		};
/* End XCBuildConfiguration section */

/* Begin XCConfigurationList section */
		059AC04B21A62F0B009DE692 /* Build configuration list for PBXProject "CSC173PJT4" */ = {
			isa = XCConfigurationList;
			buildConfigurations = (
				059AC05521A62F0B009DE692 /* Debug */,
				059AC05621A62F0B009DE692 /* Release */,
			);
			defaultConfigurationIsVisible = 0;
			defaultConfigurationName = Release;
		};
		059AC05721A62F0B009DE692 /* Build configuration list for PBXNativeTarget "CSC173PJT4" */ = {
			isa = XCConfigurationList;
			buildConfigurations = (
				059AC05821A62F0B009DE692 /* Debug */,
				059AC05921A62F0B009DE692 /* Release */,
			);
			defaultConfigurationIsVisible = 0;
			defaultConfigurationName = Release;
		};
/* End XCConfigurationList section */
	};
	rootObject = 059AC04821A62F0B009DE692 /* Project object */;
}
